
Microsoft Visual Studio Solution File, Format Version 12.00
# Visual Studio Version 16
VisualStudioVersion = 16.0.29201.188
MinimumVisualStudioVersion = 10.0.40219.1
Project("{FAE04EC0-301F-11D3-BF4B-00C04F79EFBC}") = "NetCoreApplication.ConsoleApp", "NetCoreApplication.ConsoleApp\NetCoreApplication.ConsoleApp.csproj", "{AD504D99-3D8C-4DBA-821A-40A2BDC49DA3}"
EndProject
Global
	GlobalSection(SolutionConfigurationPlatforms) = preSolution
		Debug|Any CPU = Debug|Any CPU
		Release|Any CPU = Release|Any CPU
	EndGlobalSection
	GlobalSection(ProjectConfigurationPlatforms) = postSolution
		{AD504D99-3D8C-4DBA-821A-40A2BDC49DA3}.Debug|Any CPU.ActiveCfg = Debug|Any CPU
		{AD504D99-3D8C-4DBA-821A-40A2BDC49DA3}.Debug|Any CPU.Build.0 = Debug|Any CPU
		{AD504D99-3D8C-4DBA-821A-40A2BDC49DA3}.Release|Any CPU.ActiveCfg = Release|Any CPU
		{AD504D99-3D8C-4DBA-821A-40A2BDC49DA3}.Release|Any CPU.Build.0 = Release|Any CPU
	EndGlobalSection
	GlobalSection(SolutionProperties) = preSolution
		HideSolutionNode = FALSE
	EndGlobalSection
	GlobalSection(ExtensibilityGlobals) = postSolution
		SolutionGuid = {C487F9A4-EEA5-485C-8162-CBB75D7C7EC5}
	EndGlobalSection
EndGlobal
